
Microsoft Visual Studio Solution File, Format Version 12.00
# Visual Studio Version 16
VisualStudioVersion = 16.0.31112.23
MinimumVisualStudioVersion = 10.0.40219.1
Project("{FAE04EC0-301F-11D3-BF4B-00C04F79EFBC}") = "ZeissEmpMgmt", "ZeissEmpMgmt.csproj", "{02662089-5384-4D70-89E8-5A0E3E006761}"
EndProject
Global
	GlobalSection(SolutionConfigurationPlatforms) = preSolution
		Debug|Any CPU = Debug|Any CPU
		Release|Any CPU = Release|Any CPU
	EndGlobalSection
	GlobalSection(ProjectConfigurationPlatforms) = postSolution
		{02662089-5384-4D70-89E8-5A0E3E006761}.Debug|Any CPU.ActiveCfg = Debug|Any CPU
		{02662089-5384-4D70-89E8-5A0E3E006761}.Debug|Any CPU.Build.0 = Debug|Any CPU
		{02662089-5384-4D70-89E8-5A0E3E006761}.Release|Any CPU.ActiveCfg = Release|Any CPU
		{02662089-5384-4D70-89E8-5A0E3E006761}.Release|Any CPU.Build.0 = Release|Any CPU
	EndGlobalSection
	GlobalSection(SolutionProperties) = preSolution
		HideSolutionNode = FALSE
	EndGlobalSection
	GlobalSection(ExtensibilityGlobals) = postSolution
		SolutionGuid = {79245327-C752-428E-AEB8-2A2C5688CA50}
	EndGlobalSection
EndGlobal
